
Microsoft Visual Studio Solution File, Format Version 12.00
# Visual Studio Version 17
VisualStudioVersion = 17.14.36414.22
MinimumVisualStudioVersion = 10.0.40219.1
Project("{FAE04EC0-301F-11D3-BF4B-00C04F79EFBC}") = "MiddleManClient", "MiddleManClient\MiddleManClient.csproj", "{24C39095-6E59-4054-9BD2-76E8424EC3CA}"
EndProject
Project("{2150E333-8FDC-42A3-9474-1A3956D46DE8}") = "Solution Items", "Solution Items", "{8EC462FD-D22E-90A8-E5CE-7E832BA40C5D}"
	ProjectSection(SolutionItems) = preProject
		publish.ps1 = publish.ps1
	EndProjectSection
EndProject
Project("{FAE04EC0-301F-11D3-BF4B-00C04F79EFBC}") = "MiddleManClient.Test", "MiddleManClient.Test\MiddleManClient.Test.csproj", "{79A8C534-0B54-4448-92EA-77484A2CB574}"
EndProject
Global
	GlobalSection(SolutionConfigurationPlatforms) = preSolution
		Debug|Any CPU = Debug|Any CPU
		Release|Any CPU = Release|Any CPU
	EndGlobalSection
	GlobalSection(ProjectConfigurationPlatforms) = postSolution
		{24C39095-6E59-4054-9BD2-76E8424EC3CA}.Debug|Any CPU.ActiveCfg = Debug|Any CPU
		{24C39095-6E59-4054-9BD2-76E8424EC3CA}.Debug|Any CPU.Build.0 = Debug|Any CPU
		{24C39095-6E59-4054-9BD2-76E8424EC3CA}.Release|Any CPU.ActiveCfg = Release|Any CPU
		{24C39095-6E59-4054-9BD2-76E8424EC3CA}.Release|Any CPU.Build.0 = Release|Any CPU
		{79A8C534-0B54-4448-92EA-77484A2CB574}.Debug|Any CPU.ActiveCfg = Debug|Any CPU
		{79A8C534-0B54-4448-92EA-77484A2CB574}.Debug|Any CPU.Build.0 = Debug|Any CPU
		{79A8C534-0B54-4448-92EA-77484A2CB574}.Release|Any CPU.ActiveCfg = Release|Any CPU
		{79A8C534-0B54-4448-92EA-77484A2CB574}.Release|Any CPU.Build.0 = Release|Any CPU
	EndGlobalSection
	GlobalSection(SolutionProperties) = preSolution
		HideSolutionNode = FALSE
	EndGlobalSection
	GlobalSection(ExtensibilityGlobals) = postSolution
		SolutionGuid = {323498E1-D501-4D13-B1D5-A2A2D77CA6F9}
	EndGlobalSection
EndGlobal
